
Microsoft Visual Studio Solution File, Format Version 12.00
# Visual Studio Version 17
VisualStudioVersion = 17.5.33627.172
MinimumVisualStudioVersion = 10.0.40219.1
Project("{FAE04EC0-301F-11D3-BF4B-00C04F79EFBC}") = "Online_Application", "Online_Application\Online_Application.csproj", "{DCB50B08-BCDA-4502-A500-F6965330ACA1}"
EndProject
Global
	GlobalSection(SolutionConfigurationPlatforms) = preSolution
		Debug|Any CPU = Debug|Any CPU
		Release|Any CPU = Release|Any CPU
	EndGlobalSection
	GlobalSection(ProjectConfigurationPlatforms) = postSolution
		{DCB50B08-BCDA-4502-A500-F6965330ACA1}.Debug|Any CPU.ActiveCfg = Debug|Any CPU
		{DCB50B08-BCDA-4502-A500-F6965330ACA1}.Debug|Any CPU.Build.0 = Debug|Any CPU
		{DCB50B08-BCDA-4502-A500-F6965330ACA1}.Release|Any CPU.ActiveCfg = Release|Any CPU
		{DCB50B08-BCDA-4502-A500-F6965330ACA1}.Release|Any CPU.Build.0 = Release|Any CPU
	EndGlobalSection
	GlobalSection(SolutionProperties) = preSolution
		HideSolutionNode = FALSE
	EndGlobalSection
	GlobalSection(ExtensibilityGlobals) = postSolution
		SolutionGuid = {BB72A42B-1413-43AD-8118-F521DEE97B5F}
	EndGlobalSection
EndGlobal
